{
  "projects": [
    {
      "projectId": "YUiM7yqBWAqsh8KSnrdj7",
      "version": "0.30.0",
      "dependencies": {},
      "lang": "ts",
      "fileLocks": [
        {
          "assetId": "YUiM7yqBWAqsh8KSnrdj7",
          "type": "projectCss",
          "checksum": "dac72600b04b6e6a3014e82512a15fe1"
        }
      ],
      "codegenVersion": "0.0.1"
    },
    {
      "projectId": "7nJ7UcFmq9UzB6eXfC5z4a",
      "version": "0.29.0",
      "dependencies": {},
      "lang": "ts",
      "fileLocks": [
        {
          "assetId": "7nJ7UcFmq9UzB6eXfC5z4a",
          "type": "projectCss",
          "checksum": "05587b57f22f0ec8bb54543deb39762e"
        }
      ],
      "codegenVersion": "0.0.1"
    },
    {
      "projectId": "9Vr5YWkf3w7jj6SsTcCEta",
      "version": "0.11.0",
      "dependencies": {},
      "lang": "ts",
      "fileLocks": [
        {
          "assetId": "9Vr5YWkf3w7jj6SsTcCEta",
          "type": "projectCss",
          "checksum": "e1ec850476829c38b0f9b6d4f7ac446a"
        }
      ],
      "codegenVersion": "0.0.1"
    },
    {
      "projectId": "jkU633o1Cz7HrJdwdxhVHk",
      "version": "16.11.0",
      "dependencies": {},
      "lang": "ts",
      "fileLocks": [
        {
          "assetId": "jkU633o1Cz7HrJdwdxhVHk",
          "type": "projectCss",
          "checksum": "0581d4378bb1604bb5fe3f65bb0a37de"
        }
      ],
      "codegenVersion": "0.0.1"
    },
    {
      "projectId": "ohDidvG9XsCeFumugENU3J",
      "version": "6.26.0",
      "dependencies": {},
      "lang": "ts",
      "fileLocks": [
        {
          "assetId": "ohDidvG9XsCeFumugENU3J",
          "type": "projectCss",
          "checksum": "fd83b730367fdbde2c69bc6cf31c2a3c"
        },
        {
          "assetId": "ohDidvG9XsCeFumugENU3J",
          "checksum": "de0a0e65174a6a185a8f822af51c6bdd",
          "type": "globalContexts"
        }
      ],
      "codegenVersion": "0.0.1"
    },
    {
      "projectId": "5Wyypaj28HpFwgqusnxkCW",
      "version": "latest",
      "dependencies": {
        "ohDidvG9XsCeFumugENU3J": "6.26.0",
        "jkU633o1Cz7HrJdwdxhVHk": "16.11.0",
        "9Vr5YWkf3w7jj6SsTcCEta": "0.11.0",
        "7nJ7UcFmq9UzB6eXfC5z4a": "0.29.0",
        "YUiM7yqBWAqsh8KSnrdj7": "0.30.0"
      },
      "lang": "ts",
      "fileLocks": [
        {
          "type": "globalVariant",
          "assetId": "VC-mujqdN-H7",
          "checksum": "23da30a2fce719357d67068703f9afe1"
        },
        {
          "assetId": "5Wyypaj28HpFwgqusnxkCW",
          "type": "projectCss",
          "checksum": "45534220863574c60d11d2b47d5e0db0"
        },
        {
          "assetId": "5Wyypaj28HpFwgqusnxkCW",
          "checksum": "945ab6bd128645de17c2cdb470a2d466",
          "type": "globalContexts"
        },
        {
          "type": "renderModule",
          "assetId": "coHBJsslNByC",
          "checksum": "bb34bb8612648cf12d29779b730ce4ff"
        },
        {
          "type": "cssRules",
          "assetId": "coHBJsslNByC",
          "checksum": "bb34bb8612648cf12d29779b730ce4ff"
        },
        {
          "type": "renderModule",
          "assetId": "aG693ljhigII",
          "checksum": "3fdda93c0f6179c88392b1eb99ecec69"
        },
        {
          "type": "cssRules",
          "assetId": "aG693ljhigII",
          "checksum": "3fdda93c0f6179c88392b1eb99ecec69"
        },
        {
          "type": "renderModule",
          "assetId": "EdBZbn-IoTUV",
          "checksum": "cf75c96aa9f7216362158cde57f8575b"
        },
        {
          "type": "cssRules",
          "assetId": "EdBZbn-IoTUV",
          "checksum": "cf75c96aa9f7216362158cde57f8575b"
        },
        {
          "type": "renderModule",
          "assetId": "l9aj5pWQjv7Z",
          "checksum": "b08936b4d14534b3c38ee83ffce271c5"
        },
        {
          "type": "cssRules",
          "assetId": "l9aj5pWQjv7Z",
          "checksum": "b08936b4d14534b3c38ee83ffce271c5"
        },
        {
          "type": "renderModule",
          "assetId": "UqW26cv720DQ",
          "checksum": "a680fd40c80374e4fa3b2ccf6720fd7a"
        },
        {
          "type": "cssRules",
          "assetId": "UqW26cv720DQ",
          "checksum": "a680fd40c80374e4fa3b2ccf6720fd7a"
        },
        {
          "type": "renderModule",
          "assetId": "Gm8PiynKwc-M",
          "checksum": "3d7160d0a03eadc4fb33ca52551c7437"
        },
        {
          "type": "cssRules",
          "assetId": "Gm8PiynKwc-M",
          "checksum": "3d7160d0a03eadc4fb33ca52551c7437"
        },
        {
          "type": "renderModule",
          "assetId": "B_22a0ZpxEGl",
          "checksum": "9dc3a9c3580f4c5f2e1dcfed41917ac9"
        },
        {
          "type": "cssRules",
          "assetId": "B_22a0ZpxEGl",
          "checksum": "9dc3a9c3580f4c5f2e1dcfed41917ac9"
        },
        {
          "type": "renderModule",
          "assetId": "fnfdsio9HzJu",
          "checksum": "6575e24c5cc14da3d23cc99fe3e42f22"
        },
        {
          "type": "cssRules",
          "assetId": "fnfdsio9HzJu",
          "checksum": "6575e24c5cc14da3d23cc99fe3e42f22"
        },
        {
          "type": "renderModule",
          "assetId": "TFo_D-cEkGNF",
          "checksum": "ec53f84207cd78996f5870584bf417b6"
        },
        {
          "type": "cssRules",
          "assetId": "TFo_D-cEkGNF",
          "checksum": "ec53f84207cd78996f5870584bf417b6"
        },
        {
          "type": "renderModule",
          "assetId": "jAXJOeEa5g6J",
          "checksum": "f3e10c85f612f87e8fa2963522742ae1"
        },
        {
          "type": "cssRules",
          "assetId": "jAXJOeEa5g6J",
          "checksum": "f3e10c85f612f87e8fa2963522742ae1"
        },
        {
          "type": "icon",
          "assetId": "YdM3wmahHV_n",
          "checksum": "cefbcc22da87fe12379c0fcf9676eec6"
        },
        {
          "type": "icon",
          "assetId": "d4JfcPdBvm6f",
          "checksum": "14849c1e1022e90ddc5c2df4c357881a"
        },
        {
          "type": "icon",
          "assetId": "zNPk2w6cdzkE",
          "checksum": "ae06d8f6f0c14d34854238602f562cbb"
        }
      ],
      "codegenVersion": "0.0.1"
    }
  ],
  "cliVersion": "0.1.334"
}
